# This file was autogenerated by Stack.
# You should not edit this file by hand.
# For more information, please see the documentation at:
#   https://docs.haskellstack.org/en/stable/lock_files

packages: []
snapshots:
- completed:
    size: 587819
    url: https://raw.githubusercontent.com/commercialhaskell/stackage-snapshots/master/lts/18/23.yaml
    sha256: 7f69bb29a57495586e7e3ed31ecc59c0d2c959cb23bd52b71ca676f254c9beb1
  original: lts-18.23
